
Microsoft Visual Studio Solution File, Format Version 12.00
# Visual Studio Version 17
VisualStudioVersion = 17.7.34031.279
MinimumVisualStudioVersion = 10.0.40219.1
Project("{FAE04EC0-301F-11D3-BF4B-00C04F79EFBC}") = "CAEnumeratorEnumerable_Numbers", "CAEnumeratorEnumerable_Numbers.csproj", "{249DD5BD-B13E-4801-B594-CF16582CE408}"
EndProject
Global
	GlobalSection(SolutionConfigurationPlatforms) = preSolution
		Debug|Any CPU = Debug|Any CPU
		Release|Any CPU = Release|Any CPU
	EndGlobalSection
	GlobalSection(ProjectConfigurationPlatforms) = postSolution
		{249DD5BD-B13E-4801-B594-CF16582CE408}.Debug|Any CPU.ActiveCfg = Debug|Any CPU
		{249DD5BD-B13E-4801-B594-CF16582CE408}.Debug|Any CPU.Build.0 = Debug|Any CPU
		{249DD5BD-B13E-4801-B594-CF16582CE408}.Release|Any CPU.ActiveCfg = Release|Any CPU
		{249DD5BD-B13E-4801-B594-CF16582CE408}.Release|Any CPU.Build.0 = Release|Any CPU
	EndGlobalSection
	GlobalSection(SolutionProperties) = preSolution
		HideSolutionNode = FALSE
	EndGlobalSection
	GlobalSection(ExtensibilityGlobals) = postSolution
		SolutionGuid = {3D9E033C-ECB7-4616-96C6-EFFE8B6EFF1E}
	EndGlobalSection
EndGlobal
